
Microsoft Visual Studio Solution File, Format Version 12.00
# Visual Studio 15
VisualStudioVersion = 15.0.27004.2002
MinimumVisualStudioVersion = 10.0.40219.1
Project("{FAE04EC0-301F-11D3-BF4B-00C04F79EFBC}") = "TestApp.Android", "TestApp\TestApp.Android\TestApp.Android.csproj", "{CA73FA26-F7E6-458A-A545-D6139DA87804}"
EndProject
Project("{FAE04EC0-301F-11D3-BF4B-00C04F79EFBC}") = "TestApp", "TestApp\TestApp\TestApp.csproj", "{459E4088-0CFC-45BA-8D56-035B23F81E83}"
EndProject
Project("{FAE04EC0-301F-11D3-BF4B-00C04F79EFBC}") = "TestApp.UWP", "TestApp\TestApp.UWP\TestApp.UWP.csproj", "{166E11A2-3BFF-4FD0-BBB5-8B57991F4950}"
EndProject
Project("{FAE04EC0-301F-11D3-BF4B-00C04F79EFBC}") = "TestApp.iOS", "TestApp\TestApp.iOS\TestApp.iOS.csproj", "{320B1498-3708-4DED-BBCF-9CDD822BEEBD}"
EndProject
Global
	GlobalSection(SolutionConfigurationPlatforms) = preSolution
		Ad-Hoc|Any CPU = Ad-Hoc|Any CPU
		Ad-Hoc|ARM = Ad-Hoc|ARM
		Ad-Hoc|iPhone = Ad-Hoc|iPhone
		Ad-Hoc|iPhoneSimulator = Ad-Hoc|iPhoneSimulator
		Ad-Hoc|x64 = Ad-Hoc|x64
		Ad-Hoc|x86 = Ad-Hoc|x86
		AppStore|Any CPU = AppStore|Any CPU
		AppStore|ARM = AppStore|ARM
		AppStore|iPhone = AppStore|iPhone
		AppStore|iPhoneSimulator = AppStore|iPhoneSimulator
		AppStore|x64 = AppStore|x64
		AppStore|x86 = AppStore|x86
		Debug|Any CPU = Debug|Any CPU
		Debug|ARM = Debug|ARM
		Debug|iPhone = Debug|iPhone
		Debug|iPhoneSimulator = Debug|iPhoneSimulator
		Debug|x64 = Debug|x64
		Debug|x86 = Debug|x86
		Release|Any CPU = Release|Any CPU
		Release|ARM = Release|ARM
		Release|iPhone = Release|iPhone
		Release|iPhoneSimulator = Release|iPhoneSimulator
		Release|x64 = Release|x64
		Release|x86 = Release|x86
	EndGlobalSection
	GlobalSection(ProjectConfigurationPlatforms) = postSolution
		{CA73FA26-F7E6-458A-A545-D6139DA87804}.Ad-Hoc|Any CPU.ActiveCfg = Release|Any CPU
		{CA73FA26-F7E6-458A-A545-D6139DA87804}.Ad-Hoc|Any CPU.Build.0 = Release|Any CPU
		{CA73FA26-F7E6-458A-A545-D6139DA87804}.Ad-Hoc|Any CPU.Deploy.0 = Release|Any CPU
		{CA73FA26-F7E6-458A-A545-D6139DA87804}.Ad-Hoc|ARM.ActiveCfg = Release|Any CPU
		{CA73FA26-F7E6-458A-A545-D6139DA87804}.Ad-Hoc|ARM.Build.0 = Release|Any CPU
		{CA73FA26-F7E6-458A-A545-D6139DA87804}.Ad-Hoc|ARM.Deploy.0 = Release|Any CPU
		{CA73FA26-F7E6-458A-A545-D6139DA87804}.Ad-Hoc|iPhone.ActiveCfg = Release|Any CPU
		{CA73FA26-F7E6-458A-A545-D6139DA87804}.Ad-Hoc|iPhone.Build.0 = Release|Any CPU
		{CA73FA26-F7E6-458A-A545-D6139DA87804}.Ad-Hoc|iPhone.Deploy.0 = Release|Any CPU
		{CA73FA26-F7E6-458A-A545-D6139DA87804}.Ad-Hoc|iPhoneSimulator.ActiveCfg = Release|Any CPU
		{CA73FA26-F7E6-458A-A545-D6139DA87804}.Ad-Hoc|iPhoneSimulator.Build.0 = Release|Any CPU
		{CA73FA26-F7E6-458A-A545-D6139DA87804}.Ad-Hoc|iPhoneSimulator.Deploy.0 = Release|Any CPU
		{CA73FA26-F7E6-458A-A545-D6139DA87804}.Ad-Hoc|x64.ActiveCfg = Release|Any CPU
		{CA73FA26-F7E6-458A-A545-D6139DA87804}.Ad-Hoc|x64.Build.0 = Release|Any CPU
		{CA73FA26-F7E6-458A-A545-D6139DA87804}.Ad-Hoc|x64.Deploy.0 = Release|Any CPU
		{CA73FA26-F7E6-458A-A545-D6139DA87804}.Ad-Hoc|x86.ActiveCfg = Release|Any CPU
		{CA73FA26-F7E6-458A-A545-D6139DA87804}.Ad-Hoc|x86.Build.0 = Release|Any CPU
		{CA73FA26-F7E6-458A-A545-D6139DA87804}.Ad-Hoc|x86.Deploy.0 = Release|Any CPU
		{CA73FA26-F7E6-458A-A545-D6139DA87804}.AppStore|Any CPU.ActiveCfg = Release|Any CPU
		{CA73FA26-F7E6-458A-A545-D6139DA87804}.AppStore|Any CPU.Build.0 = Release|Any CPU
		{CA73FA26-F7E6-458A-A545-D6139DA87804}.AppStore|Any CPU.Deploy.0 = Release|Any CPU
		{CA73FA26-F7E6-458A-A545-D6139DA87804}.AppStore|ARM.ActiveCfg = Release|Any CPU
		{CA73FA26-F7E6-458A-A545-D6139DA87804}.AppStore|ARM.Build.0 = Release|Any CPU
		{CA73FA26-F7E6-458A-A545-D6139DA87804}.AppStore|ARM.Deploy.0 = Release|Any CPU
		{CA73FA26-F7E6-458A-A545-D6139DA87804}.AppStore|iPhone.ActiveCfg = Release|Any CPU
		{CA73FA26-F7E6-458A-A545-D6139DA87804}.AppStore|iPhone.Build.0 = Release|Any CPU
		{CA73FA26-F7E6-458A-A545-D6139DA87804}.AppStore|iPhone.Deploy.0 = Release|Any CPU
		{CA73FA26-F7E6-458A-A545-D6139DA87804}.AppStore|iPhoneSimulator.ActiveCfg = Release|Any CPU
		{CA73FA26-F7E6-458A-A545-D6139DA87804}.AppStore|iPhoneSimulator.Build.0 = Release|Any CPU
		{CA73FA26-F7E6-458A-A545-D6139DA87804}.AppStore|iPhoneSimulator.Deploy.0 = Release|Any CPU
		{CA73FA26-F7E6-458A-A545-D6139DA87804}.AppStore|x64.ActiveCfg = Release|Any CPU
		{CA73FA26-F7E6-458A-A545-D6139DA87804}.AppStore|x64.Build.0 = Release|Any CPU
		{CA73FA26-F7E6-458A-A545-D6139DA87804}.AppStore|x64.Deploy.0 = Release|Any CPU
		{CA73FA26-F7E6-458A-A545-D6139DA87804}.AppStore|x86.ActiveCfg = Release|Any CPU
		{CA73FA26-F7E6-458A-A545-D6139DA87804}.AppStore|x86.Build.0 = Release|Any CPU
		{CA73FA26-F7E6-458A-A545-D6139DA87804}.AppStore|x86.Deploy.0 = Release|Any CPU
		{CA73FA26-F7E6-458A-A545-D6139DA87804}.Debug|Any CPU.ActiveCfg = Debug|Any CPU
		{CA73FA26-F7E6-458A-A545-D6139DA87804}.Debug|Any CPU.Build.0 = Debug|Any CPU
		{CA73FA26-F7E6-458A-A545-D6139DA87804}.Debug|Any CPU.Deploy.0 = Debug|Any CPU
		{CA73FA26-F7E6-458A-A545-D6139DA87804}.Debug|ARM.ActiveCfg = Debug|Any CPU
		{CA73FA26-F7E6-458A-A545-D6139DA87804}.Debug|ARM.Build.0 = Debug|Any CPU
		{CA73FA26-F7E6-458A-A545-D6139DA87804}.Debug|ARM.Deploy.0 = Debug|Any CPU
		{CA73FA26-F7E6-458A-A545-D6139DA87804}.Debug|iPhone.ActiveCfg = Debug|Any CPU
		{CA73FA26-F7E6-458A-A545-D6139DA87804}.Debug|iPhone.Build.0 = Debug|Any CPU
		{CA73FA26-F7E6-458A-A545-D6139DA87804}.Debug|iPhone.Deploy.0 = Debug|Any CPU
		{CA73FA26-F7E6-458A-A545-D6139DA87804}.Debug|iPhoneSimulator.ActiveCfg = Debug|Any CPU
		{CA73FA26-F7E6-458A-A545-D6139DA87804}.Debug|iPhoneSimulator.Build.0 = Debug|Any CPU
		{CA73FA26-F7E6-458A-A545-D6139DA87804}.Debug|iPhoneSimulator.Deploy.0 = Debug|Any CPU
		{CA73FA26-F7E6-458A-A545-D6139DA87804}.Debug|x64.ActiveCfg = Debug|Any CPU
		{CA73FA26-F7E6-458A-A545-D6139DA87804}.Debug|x64.Build.0 = Debug|Any CPU
		{CA73FA26-F7E6-458A-A545-D6139DA87804}.Debug|x64.Deploy.0 = Debug|Any CPU
		{CA73FA26-F7E6-458A-A545-D6139DA87804}.Debug|x86.ActiveCfg = Debug|Any CPU
		{CA73FA26-F7E6-458A-A545-D6139DA87804}.Debug|x86.Build.0 = Debug|Any CPU
		{CA73FA26-F7E6-458A-A545-D6139DA87804}.Debug|x86.Deploy.0 = Debug|Any CPU
		{CA73FA26-F7E6-458A-A545-D6139DA87804}.Release|Any CPU.ActiveCfg = Release|Any CPU
		{CA73FA26-F7E6-458A-A545-D6139DA87804}.Release|Any CPU.Build.0 = Release|Any CPU
		{CA73FA26-F7E6-458A-A545-D6139DA87804}.Release|Any CPU.Deploy.0 = Release|Any CPU
		{CA73FA26-F7E6-458A-A545-D6139DA87804}.Release|ARM.ActiveCfg = Release|Any CPU
		{CA73FA26-F7E6-458A-A545-D6139DA87804}.Release|ARM.Build.0 = Release|Any CPU
		{CA73FA26-F7E6-458A-A545-D6139DA87804}.Release|ARM.Deploy.0 = Release|Any CPU
		{CA73FA26-F7E6-458A-A545-D6139DA87804}.Release|iPhone.ActiveCfg = Release|Any CPU
		{CA73FA26-F7E6-458A-A545-D6139DA87804}.Release|iPhone.Build.0 = Release|Any CPU
		{CA73FA26-F7E6-458A-A545-D6139DA87804}.Release|iPhone.Deploy.0 = Release|Any CPU
		{CA73FA26-F7E6-458A-A545-D6139DA87804}.Release|iPhoneSimulator.ActiveCfg = Release|Any CPU
		{CA73FA26-F7E6-458A-A545-D6139DA87804}.Release|iPhoneSimulator.Build.0 = Release|Any CPU
		{CA73FA26-F7E6-458A-A545-D6139DA87804}.Release|iPhoneSimulator.Deploy.0 = Release|Any CPU
		{CA73FA26-F7E6-458A-A545-D6139DA87804}.Release|x64.ActiveCfg = Release|Any CPU
		{CA73FA26-F7E6-458A-A545-D6139DA87804}.Release|x64.Build.0 = Release|Any CPU
		{CA73FA26-F7E6-458A-A545-D6139DA87804}.Release|x64.Deploy.0 = Release|Any CPU
		{CA73FA26-F7E6-458A-A545-D6139DA87804}.Release|x86.ActiveCfg = Release|Any CPU
		{CA73FA26-F7E6-458A-A545-D6139DA87804}.Release|x86.Build.0 = Release|Any CPU
		{CA73FA26-F7E6-458A-A545-D6139DA87804}.Release|x86.Deploy.0 = Release|Any CPU
		{459E4088-0CFC-45BA-8D56-035B23F81E83}.Ad-Hoc|Any CPU.ActiveCfg = Release|Any CPU
		{459E4088-0CFC-45BA-8D56-035B23F81E83}.Ad-Hoc|Any CPU.Build.0 = Release|Any CPU
		{459E4088-0CFC-45BA-8D56-035B23F81E83}.Ad-Hoc|ARM.ActiveCfg = Release|Any CPU
		{459E4088-0CFC-45BA-8D56-035B23F81E83}.Ad-Hoc|ARM.Build.0 = Release|Any CPU
		{459E4088-0CFC-45BA-8D56-035B23F81E83}.Ad-Hoc|iPhone.ActiveCfg = Release|Any CPU
		{459E4088-0CFC-45BA-8D56-035B23F81E83}.Ad-Hoc|iPhone.Build.0 = Release|Any CPU
		{459E4088-0CFC-45BA-8D56-035B23F81E83}.Ad-Hoc|iPhoneSimulator.ActiveCfg = Release|Any CPU
		{459E4088-0CFC-45BA-8D56-035B23F81E83}.Ad-Hoc|iPhoneSimulator.Build.0 = Release|Any CPU
		{459E4088-0CFC-45BA-8D56-035B23F81E83}.Ad-Hoc|x64.ActiveCfg = Release|Any CPU
		{459E4088-0CFC-45BA-8D56-035B23F81E83}.Ad-Hoc|x64.Build.0 = Release|Any CPU
		{459E4088-0CFC-45BA-8D56-035B23F81E83}.Ad-Hoc|x86.ActiveCfg = Release|Any CPU
		{459E4088-0CFC-45BA-8D56-035B23F81E83}.Ad-Hoc|x86.Build.0 = Release|Any CPU
		{459E4088-0CFC-45BA-8D56-035B23F81E83}.AppStore|Any CPU.ActiveCfg = Release|Any CPU
		{459E4088-0CFC-45BA-8D56-035B23F81E83}.AppStore|Any CPU.Build.0 = Release|Any CPU
		{459E4088-0CFC-45BA-8D56-035B23F81E83}.AppStore|ARM.ActiveCfg = Release|Any CPU
		{459E4088-0CFC-45BA-8D56-035B23F81E83}.AppStore|ARM.Build.0 = Release|Any CPU
		{459E4088-0CFC-45BA-8D56-035B23F81E83}.AppStore|iPhone.ActiveCfg = Release|Any CPU
		{459E4088-0CFC-45BA-8D56-035B23F81E83}.AppStore|iPhone.Build.0 = Release|Any CPU
		{459E4088-0CFC-45BA-8D56-035B23F81E83}.AppStore|iPhoneSimulator.ActiveCfg = Release|Any CPU
		{459E4088-0CFC-45BA-8D56-035B23F81E83}.AppStore|iPhoneSimulator.Build.0 = Release|Any CPU
		{459E4088-0CFC-45BA-8D56-035B23F81E83}.AppStore|x64.ActiveCfg = Release|Any CPU
		{459E4088-0CFC-45BA-8D56-035B23F81E83}.AppStore|x64.Build.0 = Release|Any CPU
		{459E4088-0CFC-45BA-8D56-035B23F81E83}.AppStore|x86.ActiveCfg = Release|Any CPU
		{459E4088-0CFC-45BA-8D56-035B23F81E83}.AppStore|x86.Build.0 = Release|Any CPU
		{459E4088-0CFC-45BA-8D56-035B23F81E83}.Debug|Any CPU.ActiveCfg = Debug|Any CPU
		{459E4088-0CFC-45BA-8D56-035B23F81E83}.Debug|Any CPU.Build.0 = Debug|Any CPU
		{459E4088-0CFC-45BA-8D56-035B23F81E83}.Debug|ARM.ActiveCfg = Debug|Any CPU
		{459E4088-0CFC-45BA-8D56-035B23F81E83}.Debug|ARM.Build.0 = Debug|Any CPU
		{459E4088-0CFC-45BA-8D56-035B23F81E83}.Debug|iPhone.ActiveCfg = Debug|Any CPU
		{459E4088-0CFC-45BA-8D56-035B23F81E83}.Debug|iPhone.Build.0 = Debug|Any CPU
		{459E4088-0CFC-45BA-8D56-035B23F81E83}.Debug|iPhoneSimulator.ActiveCfg = Debug|Any CPU
		{459E4088-0CFC-45BA-8D56-035B23F81E83}.Debug|iPhoneSimulator.Build.0 = Debug|Any CPU
		{459E4088-0CFC-45BA-8D56-035B23F81E83}.Debug|x64.ActiveCfg = Debug|Any CPU
		{459E4088-0CFC-45BA-8D56-035B23F81E83}.Debug|x64.Build.0 = Debug|Any CPU
		{459E4088-0CFC-45BA-8D56-035B23F81E83}.Debug|x86.ActiveCfg = Debug|Any CPU
		{459E4088-0CFC-45BA-8D56-035B23F81E83}.Debug|x86.Build.0 = Debug|Any CPU
		{459E4088-0CFC-45BA-8D56-035B23F81E83}.Release|Any CPU.ActiveCfg = Release|Any CPU
		{459E4088-0CFC-45BA-8D56-035B23F81E83}.Release|Any CPU.Build.0 = Release|Any CPU
		{459E4088-0CFC-45BA-8D56-035B23F81E83}.Release|ARM.ActiveCfg = Release|Any CPU
		{459E4088-0CFC-45BA-8D56-035B23F81E83}.Release|ARM.Build.0 = Release|Any CPU
		{459E4088-0CFC-45BA-8D56-035B23F81E83}.Release|iPhone.ActiveCfg = Release|Any CPU
		{459E4088-0CFC-45BA-8D56-035B23F81E83}.Release|iPhone.Build.0 = Release|Any CPU
		{459E4088-0CFC-45BA-8D56-035B23F81E83}.Release|iPhoneSimulator.ActiveCfg = Release|Any CPU
		{459E4088-0CFC-45BA-8D56-035B23F81E83}.Release|iPhoneSimulator.Build.0 = Release|Any CPU
		{459E4088-0CFC-45BA-8D56-035B23F81E83}.Release|x64.ActiveCfg = Release|Any CPU
		{459E4088-0CFC-45BA-8D56-035B23F81E83}.Release|x64.Build.0 = Release|Any CPU
		{459E4088-0CFC-45BA-8D56-035B23F81E83}.Release|x86.ActiveCfg = Release|Any CPU
		{459E4088-0CFC-45BA-8D56-035B23F81E83}.Release|x86.Build.0 = Release|Any CPU
		{166E11A2-3BFF-4FD0-BBB5-8B57991F4950}.Ad-Hoc|Any CPU.ActiveCfg = Release|x86
		{166E11A2-3BFF-4FD0-BBB5-8B57991F4950}.Ad-Hoc|Any CPU.Build.0 = Release|x86
		{166E11A2-3BFF-4FD0-BBB5-8B57991F4950}.Ad-Hoc|Any CPU.Deploy.0 = Release|x86
		{166E11A2-3BFF-4FD0-BBB5-8B57991F4950}.Ad-Hoc|ARM.ActiveCfg = Release|ARM
		{166E11A2-3BFF-4FD0-BBB5-8B57991F4950}.Ad-Hoc|ARM.Build.0 = Release|ARM
		{166E11A2-3BFF-4FD0-BBB5-8B57991F4950}.Ad-Hoc|ARM.Deploy.0 = Release|ARM
		{166E11A2-3BFF-4FD0-BBB5-8B57991F4950}.Ad-Hoc|iPhone.ActiveCfg = Release|x86
		{166E11A2-3BFF-4FD0-BBB5-8B57991F4950}.Ad-Hoc|iPhone.Build.0 = Release|x86
		{166E11A2-3BFF-4FD0-BBB5-8B57991F4950}.Ad-Hoc|iPhone.Deploy.0 = Release|x86
		{166E11A2-3BFF-4FD0-BBB5-8B57991F4950}.Ad-Hoc|iPhoneSimulator.ActiveCfg = Release|x86
		{166E11A2-3BFF-4FD0-BBB5-8B57991F4950}.Ad-Hoc|iPhoneSimulator.Build.0 = Release|x86
		{166E11A2-3BFF-4FD0-BBB5-8B57991F4950}.Ad-Hoc|iPhoneSimulator.Deploy.0 = Release|x86
		{166E11A2-3BFF-4FD0-BBB5-8B57991F4950}.Ad-Hoc|x64.ActiveCfg = Release|x64
		{166E11A2-3BFF-4FD0-BBB5-8B57991F4950}.Ad-Hoc|x64.Build.0 = Release|x64
		{166E11A2-3BFF-4FD0-BBB5-8B57991F4950}.Ad-Hoc|x64.Deploy.0 = Release|x64
		{166E11A2-3BFF-4FD0-BBB5-8B57991F4950}.Ad-Hoc|x86.ActiveCfg = Release|x86
		{166E11A2-3BFF-4FD0-BBB5-8B57991F4950}.Ad-Hoc|x86.Build.0 = Release|x86
		{166E11A2-3BFF-4FD0-BBB5-8B57991F4950}.Ad-Hoc|x86.Deploy.0 = Release|x86
		{166E11A2-3BFF-4FD0-BBB5-8B57991F4950}.AppStore|Any CPU.ActiveCfg = Release|x86
		{166E11A2-3BFF-4FD0-BBB5-8B57991F4950}.AppStore|Any CPU.Build.0 = Release|x86
		{166E11A2-3BFF-4FD0-BBB5-8B57991F4950}.AppStore|Any CPU.Deploy.0 = Release|x86
		{166E11A2-3BFF-4FD0-BBB5-8B57991F4950}.AppStore|ARM.ActiveCfg = Release|ARM
		{166E11A2-3BFF-4FD0-BBB5-8B57991F4950}.AppStore|ARM.Build.0 = Release|ARM
		{166E11A2-3BFF-4FD0-BBB5-8B57991F4950}.AppStore|ARM.Deploy.0 = Release|ARM
		{166E11A2-3BFF-4FD0-BBB5-8B57991F4950}.AppStore|iPhone.ActiveCfg = Release|x86
		{166E11A2-3BFF-4FD0-BBB5-8B57991F4950}.AppStore|iPhone.Build.0 = Release|x86
		{166E11A2-3BFF-4FD0-BBB5-8B57991F4950}.AppStore|iPhone.Deploy.0 = Release|x86
		{166E11A2-3BFF-4FD0-BBB5-8B57991F4950}.AppStore|iPhoneSimulator.ActiveCfg = Release|x86
		{166E11A2-3BFF-4FD0-BBB5-8B57991F4950}.AppStore|iPhoneSimulator.Build.0 = Release|x86
		{166E11A2-3BFF-4FD0-BBB5-8B57991F4950}.AppStore|iPhoneSimulator.Deploy.0 = Release|x86
		{166E11A2-3BFF-4FD0-BBB5-8B57991F4950}.AppStore|x64.ActiveCfg = Release|x64
		{166E11A2-3BFF-4FD0-BBB5-8B57991F4950}.AppStore|x64.Build.0 = Release|x64
		{166E11A2-3BFF-4FD0-BBB5-8B57991F4950}.AppStore|x64.Deploy.0 = Release|x64
		{166E11A2-3BFF-4FD0-BBB5-8B57991F4950}.AppStore|x86.ActiveCfg = Release|x86
		{166E11A2-3BFF-4FD0-BBB5-8B57991F4950}.AppStore|x86.Build.0 = Release|x86
		{166E11A2-3BFF-4FD0-BBB5-8B57991F4950}.AppStore|x86.Deploy.0 = Release|x86
		{166E11A2-3BFF-4FD0-BBB5-8B57991F4950}.Debug|Any CPU.ActiveCfg = Debug|x86
		{166E11A2-3BFF-4FD0-BBB5-8B57991F4950}.Debug|ARM.ActiveCfg = Debug|ARM
		{166E11A2-3BFF-4FD0-BBB5-8B57991F4950}.Debug|ARM.Build.0 = Debug|ARM
		{166E11A2-3BFF-4FD0-BBB5-8B57991F4950}.Debug|ARM.Deploy.0 = Debug|ARM
		{166E11A2-3BFF-4FD0-BBB5-8B57991F4950}.Debug|iPhone.ActiveCfg = Debug|x86
		{166E11A2-3BFF-4FD0-BBB5-8B57991F4950}.Debug|iPhoneSimulator.ActiveCfg = Debug|x86
		{166E11A2-3BFF-4FD0-BBB5-8B57991F4950}.Debug|x64.ActiveCfg = Debug|x64
		{166E11A2-3BFF-4FD0-BBB5-8B57991F4950}.Debug|x64.Build.0 = Debug|x64
		{166E11A2-3BFF-4FD0-BBB5-8B57991F4950}.Debug|x64.Deploy.0 = Debug|x64
		{166E11A2-3BFF-4FD0-BBB5-8B57991F4950}.Debug|x86.ActiveCfg = Debug|x86
		{166E11A2-3BFF-4FD0-BBB5-8B57991F4950}.Debug|x86.Build.0 = Debug|x86
		{166E11A2-3BFF-4FD0-BBB5-8B57991F4950}.Debug|x86.Deploy.0 = Debug|x86
		{166E11A2-3BFF-4FD0-BBB5-8B57991F4950}.Release|Any CPU.ActiveCfg = Release|x86
		{166E11A2-3BFF-4FD0-BBB5-8B57991F4950}.Release|ARM.ActiveCfg = Release|ARM
		{166E11A2-3BFF-4FD0-BBB5-8B57991F4950}.Release|ARM.Build.0 = Release|ARM
		{166E11A2-3BFF-4FD0-BBB5-8B57991F4950}.Release|ARM.Deploy.0 = Release|ARM
		{166E11A2-3BFF-4FD0-BBB5-8B57991F4950}.Release|iPhone.ActiveCfg = Release|x86
		{166E11A2-3BFF-4FD0-BBB5-8B57991F4950}.Release|iPhoneSimulator.ActiveCfg = Release|x86
		{166E11A2-3BFF-4FD0-BBB5-8B57991F4950}.Release|x64.ActiveCfg = Release|x64
		{166E11A2-3BFF-4FD0-BBB5-8B57991F4950}.Release|x64.Build.0 = Release|x64
		{166E11A2-3BFF-4FD0-BBB5-8B57991F4950}.Release|x64.Deploy.0 = Release|x64
		{166E11A2-3BFF-4FD0-BBB5-8B57991F4950}.Release|x86.ActiveCfg = Release|x86
		{166E11A2-3BFF-4FD0-BBB5-8B57991F4950}.Release|x86.Build.0 = Release|x86
		{166E11A2-3BFF-4FD0-BBB5-8B57991F4950}.Release|x86.Deploy.0 = Release|x86
		{320B1498-3708-4DED-BBCF-9CDD822BEEBD}.Ad-Hoc|Any CPU.ActiveCfg = Ad-Hoc|iPhoneSimulator
		{320B1498-3708-4DED-BBCF-9CDD822BEEBD}.Ad-Hoc|ARM.ActiveCfg = Ad-Hoc|iPhone
		{320B1498-3708-4DED-BBCF-9CDD822BEEBD}.Ad-Hoc|iPhone.ActiveCfg = Ad-Hoc|iPhone
		{320B1498-3708-4DED-BBCF-9CDD822BEEBD}.Ad-Hoc|iPhone.Build.0 = Ad-Hoc|iPhone
		{320B1498-3708-4DED-BBCF-9CDD822BEEBD}.Ad-Hoc|iPhoneSimulator.ActiveCfg = Ad-Hoc|iPhoneSimulator
		{320B1498-3708-4DED-BBCF-9CDD822BEEBD}.Ad-Hoc|iPhoneSimulator.Build.0 = Ad-Hoc|iPhoneSimulator
		{320B1498-3708-4DED-BBCF-9CDD822BEEBD}.Ad-Hoc|x64.ActiveCfg = Ad-Hoc|iPhone
		{320B1498-3708-4DED-BBCF-9CDD822BEEBD}.Ad-Hoc|x86.ActiveCfg = Ad-Hoc|iPhone
		{320B1498-3708-4DED-BBCF-9CDD822BEEBD}.AppStore|Any CPU.ActiveCfg = AppStore|iPhoneSimulator
		{320B1498-3708-4DED-BBCF-9CDD822BEEBD}.AppStore|ARM.ActiveCfg = AppStore|iPhone
		{320B1498-3708-4DED-BBCF-9CDD822BEEBD}.AppStore|iPhone.ActiveCfg = AppStore|iPhone
		{320B1498-3708-4DED-BBCF-9CDD822BEEBD}.AppStore|iPhone.Build.0 = AppStore|iPhone
		{320B1498-3708-4DED-BBCF-9CDD822BEEBD}.AppStore|iPhoneSimulator.ActiveCfg = AppStore|iPhoneSimulator
		{320B1498-3708-4DED-BBCF-9CDD822BEEBD}.AppStore|iPhoneSimulator.Build.0 = AppStore|iPhoneSimulator
		{320B1498-3708-4DED-BBCF-9CDD822BEEBD}.AppStore|x64.ActiveCfg = AppStore|iPhone
		{320B1498-3708-4DED-BBCF-9CDD822BEEBD}.AppStore|x86.ActiveCfg = AppStore|iPhone
		{320B1498-3708-4DED-BBCF-9CDD822BEEBD}.Debug|Any CPU.ActiveCfg = Debug|iPhoneSimulator
		{320B1498-3708-4DED-BBCF-9CDD822BEEBD}.Debug|ARM.ActiveCfg = Debug|iPhone
		{320B1498-3708-4DED-BBCF-9CDD822BEEBD}.Debug|iPhone.ActiveCfg = Debug|iPhone
		{320B1498-3708-4DED-BBCF-9CDD822BEEBD}.Debug|iPhone.Build.0 = Debug|iPhone
		{320B1498-3708-4DED-BBCF-9CDD822BEEBD}.Debug|iPhoneSimulator.ActiveCfg = Debug|iPhoneSimulator
		{320B1498-3708-4DED-BBCF-9CDD822BEEBD}.Debug|iPhoneSimulator.Build.0 = Debug|iPhoneSimulator
		{320B1498-3708-4DED-BBCF-9CDD822BEEBD}.Debug|x64.ActiveCfg = Debug|iPhone
		{320B1498-3708-4DED-BBCF-9CDD822BEEBD}.Debug|x86.ActiveCfg = Debug|iPhone
		{320B1498-3708-4DED-BBCF-9CDD822BEEBD}.Release|Any CPU.ActiveCfg = Release|iPhoneSimulator
		{320B1498-3708-4DED-BBCF-9CDD822BEEBD}.Release|ARM.ActiveCfg = Release|iPhone
		{320B1498-3708-4DED-BBCF-9CDD822BEEBD}.Release|iPhone.ActiveCfg = Release|iPhone
		{320B1498-3708-4DED-BBCF-9CDD822BEEBD}.Release|iPhone.Build.0 = Release|iPhone
		{320B1498-3708-4DED-BBCF-9CDD822BEEBD}.Release|iPhoneSimulator.ActiveCfg = Release|iPhoneSimulator
		{320B1498-3708-4DED-BBCF-9CDD822BEEBD}.Release|iPhoneSimulator.Build.0 = Release|iPhoneSimulator
		{320B1498-3708-4DED-BBCF-9CDD822BEEBD}.Release|x64.ActiveCfg = Release|iPhone
		{320B1498-3708-4DED-BBCF-9CDD822BEEBD}.Release|x86.ActiveCfg = Release|iPhone
	EndGlobalSection
	GlobalSection(SolutionProperties) = preSolution
		HideSolutionNode = FALSE
	EndGlobalSection
	GlobalSection(ExtensibilityGlobals) = postSolution
		SolutionGuid = {E6CAB0B5-E0F0-4947-8107-403EA16A0651}
	EndGlobalSection
EndGlobal
