
Microsoft Visual Studio Solution File, Format Version 12.00
# Visual Studio 15
VisualStudioVersion = 15.0.27004.2002
MinimumVisualStudioVersion = 10.0.40219.1
Project("{D954291E-2A0B-460D-934E-DC6B0785DB48}") = "TestApp", "TestApp\TestApp\TestApp.shproj", "{DC023FBE-08E2-43B5-AA49-1E52EC4D130E}"
EndProject
Project("{FAE04EC0-301F-11D3-BF4B-00C04F79EFBC}") = "TestApp.Android", "TestApp\TestApp.Android\TestApp.Android.csproj", "{77B8E0B2-FFDF-40AC-845C-086671D8F312}"
EndProject
Project("{FAE04EC0-301F-11D3-BF4B-00C04F79EFBC}") = "TestApp.iOS", "TestApp\TestApp.iOS\TestApp.iOS.csproj", "{FF1463C4-2959-4AAD-BEDD-D7C24CA079D4}"
EndProject
Project("{FAE04EC0-301F-11D3-BF4B-00C04F79EFBC}") = "TestApp.UWP", "TestApp\TestApp.UWP\TestApp.UWP.csproj", "{1052ECF5-A054-4B77-B583-37BD80888342}"
EndProject
Global
	GlobalSection(SharedMSBuildProjectFiles) = preSolution
		TestApp\TestApp\TestApp.projitems*{1052ecf5-a054-4b77-b583-37bd80888342}*SharedItemsImports = 4
		TestApp\TestApp\TestApp.projitems*{77b8e0b2-ffdf-40ac-845c-086671d8f312}*SharedItemsImports = 4
		TestApp\TestApp\TestApp.projitems*{dc023fbe-08e2-43b5-aa49-1e52ec4d130e}*SharedItemsImports = 13
		TestApp\TestApp\TestApp.projitems*{ff1463c4-2959-4aad-bedd-d7c24ca079d4}*SharedItemsImports = 4
	EndGlobalSection
	GlobalSection(SolutionConfigurationPlatforms) = preSolution
		Ad-Hoc|Any CPU = Ad-Hoc|Any CPU
		Ad-Hoc|ARM = Ad-Hoc|ARM
		Ad-Hoc|iPhone = Ad-Hoc|iPhone
		Ad-Hoc|iPhoneSimulator = Ad-Hoc|iPhoneSimulator
		Ad-Hoc|x64 = Ad-Hoc|x64
		Ad-Hoc|x86 = Ad-Hoc|x86
		AppStore|Any CPU = AppStore|Any CPU
		AppStore|ARM = AppStore|ARM
		AppStore|iPhone = AppStore|iPhone
		AppStore|iPhoneSimulator = AppStore|iPhoneSimulator
		AppStore|x64 = AppStore|x64
		AppStore|x86 = AppStore|x86
		Debug|Any CPU = Debug|Any CPU
		Debug|ARM = Debug|ARM
		Debug|iPhone = Debug|iPhone
		Debug|iPhoneSimulator = Debug|iPhoneSimulator
		Debug|x64 = Debug|x64
		Debug|x86 = Debug|x86
		Release|Any CPU = Release|Any CPU
		Release|ARM = Release|ARM
		Release|iPhone = Release|iPhone
		Release|iPhoneSimulator = Release|iPhoneSimulator
		Release|x64 = Release|x64
		Release|x86 = Release|x86
	EndGlobalSection
	GlobalSection(ProjectConfigurationPlatforms) = postSolution
		{77B8E0B2-FFDF-40AC-845C-086671D8F312}.Ad-Hoc|Any CPU.ActiveCfg = Release|Any CPU
		{77B8E0B2-FFDF-40AC-845C-086671D8F312}.Ad-Hoc|Any CPU.Build.0 = Release|Any CPU
		{77B8E0B2-FFDF-40AC-845C-086671D8F312}.Ad-Hoc|Any CPU.Deploy.0 = Release|Any CPU
		{77B8E0B2-FFDF-40AC-845C-086671D8F312}.Ad-Hoc|ARM.ActiveCfg = Release|Any CPU
		{77B8E0B2-FFDF-40AC-845C-086671D8F312}.Ad-Hoc|ARM.Build.0 = Release|Any CPU
		{77B8E0B2-FFDF-40AC-845C-086671D8F312}.Ad-Hoc|ARM.Deploy.0 = Release|Any CPU
		{77B8E0B2-FFDF-40AC-845C-086671D8F312}.Ad-Hoc|iPhone.ActiveCfg = Release|Any CPU
		{77B8E0B2-FFDF-40AC-845C-086671D8F312}.Ad-Hoc|iPhone.Build.0 = Release|Any CPU
		{77B8E0B2-FFDF-40AC-845C-086671D8F312}.Ad-Hoc|iPhone.Deploy.0 = Release|Any CPU
		{77B8E0B2-FFDF-40AC-845C-086671D8F312}.Ad-Hoc|iPhoneSimulator.ActiveCfg = Release|Any CPU
		{77B8E0B2-FFDF-40AC-845C-086671D8F312}.Ad-Hoc|iPhoneSimulator.Build.0 = Release|Any CPU
		{77B8E0B2-FFDF-40AC-845C-086671D8F312}.Ad-Hoc|iPhoneSimulator.Deploy.0 = Release|Any CPU
		{77B8E0B2-FFDF-40AC-845C-086671D8F312}.Ad-Hoc|x64.ActiveCfg = Release|Any CPU
		{77B8E0B2-FFDF-40AC-845C-086671D8F312}.Ad-Hoc|x64.Build.0 = Release|Any CPU
		{77B8E0B2-FFDF-40AC-845C-086671D8F312}.Ad-Hoc|x64.Deploy.0 = Release|Any CPU
		{77B8E0B2-FFDF-40AC-845C-086671D8F312}.Ad-Hoc|x86.ActiveCfg = Release|Any CPU
		{77B8E0B2-FFDF-40AC-845C-086671D8F312}.Ad-Hoc|x86.Build.0 = Release|Any CPU
		{77B8E0B2-FFDF-40AC-845C-086671D8F312}.Ad-Hoc|x86.Deploy.0 = Release|Any CPU
		{77B8E0B2-FFDF-40AC-845C-086671D8F312}.AppStore|Any CPU.ActiveCfg = Release|Any CPU
		{77B8E0B2-FFDF-40AC-845C-086671D8F312}.AppStore|Any CPU.Build.0 = Release|Any CPU
		{77B8E0B2-FFDF-40AC-845C-086671D8F312}.AppStore|Any CPU.Deploy.0 = Release|Any CPU
		{77B8E0B2-FFDF-40AC-845C-086671D8F312}.AppStore|ARM.ActiveCfg = Release|Any CPU
		{77B8E0B2-FFDF-40AC-845C-086671D8F312}.AppStore|ARM.Build.0 = Release|Any CPU
		{77B8E0B2-FFDF-40AC-845C-086671D8F312}.AppStore|ARM.Deploy.0 = Release|Any CPU
		{77B8E0B2-FFDF-40AC-845C-086671D8F312}.AppStore|iPhone.ActiveCfg = Release|Any CPU
		{77B8E0B2-FFDF-40AC-845C-086671D8F312}.AppStore|iPhone.Build.0 = Release|Any CPU
		{77B8E0B2-FFDF-40AC-845C-086671D8F312}.AppStore|iPhone.Deploy.0 = Release|Any CPU
		{77B8E0B2-FFDF-40AC-845C-086671D8F312}.AppStore|iPhoneSimulator.ActiveCfg = Release|Any CPU
		{77B8E0B2-FFDF-40AC-845C-086671D8F312}.AppStore|iPhoneSimulator.Build.0 = Release|Any CPU
		{77B8E0B2-FFDF-40AC-845C-086671D8F312}.AppStore|iPhoneSimulator.Deploy.0 = Release|Any CPU
		{77B8E0B2-FFDF-40AC-845C-086671D8F312}.AppStore|x64.ActiveCfg = Release|Any CPU
		{77B8E0B2-FFDF-40AC-845C-086671D8F312}.AppStore|x64.Build.0 = Release|Any CPU
		{77B8E0B2-FFDF-40AC-845C-086671D8F312}.AppStore|x64.Deploy.0 = Release|Any CPU
		{77B8E0B2-FFDF-40AC-845C-086671D8F312}.AppStore|x86.ActiveCfg = Release|Any CPU
		{77B8E0B2-FFDF-40AC-845C-086671D8F312}.AppStore|x86.Build.0 = Release|Any CPU
		{77B8E0B2-FFDF-40AC-845C-086671D8F312}.AppStore|x86.Deploy.0 = Release|Any CPU
		{77B8E0B2-FFDF-40AC-845C-086671D8F312}.Debug|Any CPU.ActiveCfg = Debug|Any CPU
		{77B8E0B2-FFDF-40AC-845C-086671D8F312}.Debug|Any CPU.Build.0 = Debug|Any CPU
		{77B8E0B2-FFDF-40AC-845C-086671D8F312}.Debug|Any CPU.Deploy.0 = Debug|Any CPU
		{77B8E0B2-FFDF-40AC-845C-086671D8F312}.Debug|ARM.ActiveCfg = Debug|Any CPU
		{77B8E0B2-FFDF-40AC-845C-086671D8F312}.Debug|ARM.Build.0 = Debug|Any CPU
		{77B8E0B2-FFDF-40AC-845C-086671D8F312}.Debug|ARM.Deploy.0 = Debug|Any CPU
		{77B8E0B2-FFDF-40AC-845C-086671D8F312}.Debug|iPhone.ActiveCfg = Debug|Any CPU
		{77B8E0B2-FFDF-40AC-845C-086671D8F312}.Debug|iPhone.Build.0 = Debug|Any CPU
		{77B8E0B2-FFDF-40AC-845C-086671D8F312}.Debug|iPhone.Deploy.0 = Debug|Any CPU
		{77B8E0B2-FFDF-40AC-845C-086671D8F312}.Debug|iPhoneSimulator.ActiveCfg = Debug|Any CPU
		{77B8E0B2-FFDF-40AC-845C-086671D8F312}.Debug|iPhoneSimulator.Build.0 = Debug|Any CPU
		{77B8E0B2-FFDF-40AC-845C-086671D8F312}.Debug|iPhoneSimulator.Deploy.0 = Debug|Any CPU
		{77B8E0B2-FFDF-40AC-845C-086671D8F312}.Debug|x64.ActiveCfg = Debug|Any CPU
		{77B8E0B2-FFDF-40AC-845C-086671D8F312}.Debug|x64.Build.0 = Debug|Any CPU
		{77B8E0B2-FFDF-40AC-845C-086671D8F312}.Debug|x64.Deploy.0 = Debug|Any CPU
		{77B8E0B2-FFDF-40AC-845C-086671D8F312}.Debug|x86.ActiveCfg = Debug|Any CPU
		{77B8E0B2-FFDF-40AC-845C-086671D8F312}.Debug|x86.Build.0 = Debug|Any CPU
		{77B8E0B2-FFDF-40AC-845C-086671D8F312}.Debug|x86.Deploy.0 = Debug|Any CPU
		{77B8E0B2-FFDF-40AC-845C-086671D8F312}.Release|Any CPU.ActiveCfg = Release|Any CPU
		{77B8E0B2-FFDF-40AC-845C-086671D8F312}.Release|Any CPU.Build.0 = Release|Any CPU
		{77B8E0B2-FFDF-40AC-845C-086671D8F312}.Release|Any CPU.Deploy.0 = Release|Any CPU
		{77B8E0B2-FFDF-40AC-845C-086671D8F312}.Release|ARM.ActiveCfg = Release|Any CPU
		{77B8E0B2-FFDF-40AC-845C-086671D8F312}.Release|ARM.Build.0 = Release|Any CPU
		{77B8E0B2-FFDF-40AC-845C-086671D8F312}.Release|ARM.Deploy.0 = Release|Any CPU
		{77B8E0B2-FFDF-40AC-845C-086671D8F312}.Release|iPhone.ActiveCfg = Release|Any CPU
		{77B8E0B2-FFDF-40AC-845C-086671D8F312}.Release|iPhone.Build.0 = Release|Any CPU
		{77B8E0B2-FFDF-40AC-845C-086671D8F312}.Release|iPhone.Deploy.0 = Release|Any CPU
		{77B8E0B2-FFDF-40AC-845C-086671D8F312}.Release|iPhoneSimulator.ActiveCfg = Release|Any CPU
		{77B8E0B2-FFDF-40AC-845C-086671D8F312}.Release|iPhoneSimulator.Build.0 = Release|Any CPU
		{77B8E0B2-FFDF-40AC-845C-086671D8F312}.Release|iPhoneSimulator.Deploy.0 = Release|Any CPU
		{77B8E0B2-FFDF-40AC-845C-086671D8F312}.Release|x64.ActiveCfg = Release|Any CPU
		{77B8E0B2-FFDF-40AC-845C-086671D8F312}.Release|x64.Build.0 = Release|Any CPU
		{77B8E0B2-FFDF-40AC-845C-086671D8F312}.Release|x64.Deploy.0 = Release|Any CPU
		{77B8E0B2-FFDF-40AC-845C-086671D8F312}.Release|x86.ActiveCfg = Release|Any CPU
		{77B8E0B2-FFDF-40AC-845C-086671D8F312}.Release|x86.Build.0 = Release|Any CPU
		{77B8E0B2-FFDF-40AC-845C-086671D8F312}.Release|x86.Deploy.0 = Release|Any CPU
		{FF1463C4-2959-4AAD-BEDD-D7C24CA079D4}.Ad-Hoc|Any CPU.ActiveCfg = Ad-Hoc|iPhoneSimulator
		{FF1463C4-2959-4AAD-BEDD-D7C24CA079D4}.Ad-Hoc|ARM.ActiveCfg = Ad-Hoc|iPhone
		{FF1463C4-2959-4AAD-BEDD-D7C24CA079D4}.Ad-Hoc|iPhone.ActiveCfg = Ad-Hoc|iPhone
		{FF1463C4-2959-4AAD-BEDD-D7C24CA079D4}.Ad-Hoc|iPhone.Build.0 = Ad-Hoc|iPhone
		{FF1463C4-2959-4AAD-BEDD-D7C24CA079D4}.Ad-Hoc|iPhoneSimulator.ActiveCfg = Ad-Hoc|iPhoneSimulator
		{FF1463C4-2959-4AAD-BEDD-D7C24CA079D4}.Ad-Hoc|iPhoneSimulator.Build.0 = Ad-Hoc|iPhoneSimulator
		{FF1463C4-2959-4AAD-BEDD-D7C24CA079D4}.Ad-Hoc|x64.ActiveCfg = Ad-Hoc|iPhone
		{FF1463C4-2959-4AAD-BEDD-D7C24CA079D4}.Ad-Hoc|x86.ActiveCfg = Ad-Hoc|iPhone
		{FF1463C4-2959-4AAD-BEDD-D7C24CA079D4}.AppStore|Any CPU.ActiveCfg = AppStore|iPhoneSimulator
		{FF1463C4-2959-4AAD-BEDD-D7C24CA079D4}.AppStore|ARM.ActiveCfg = AppStore|iPhone
		{FF1463C4-2959-4AAD-BEDD-D7C24CA079D4}.AppStore|iPhone.ActiveCfg = AppStore|iPhone
		{FF1463C4-2959-4AAD-BEDD-D7C24CA079D4}.AppStore|iPhone.Build.0 = AppStore|iPhone
		{FF1463C4-2959-4AAD-BEDD-D7C24CA079D4}.AppStore|iPhoneSimulator.ActiveCfg = AppStore|iPhoneSimulator
		{FF1463C4-2959-4AAD-BEDD-D7C24CA079D4}.AppStore|iPhoneSimulator.Build.0 = AppStore|iPhoneSimulator
		{FF1463C4-2959-4AAD-BEDD-D7C24CA079D4}.AppStore|x64.ActiveCfg = AppStore|iPhone
		{FF1463C4-2959-4AAD-BEDD-D7C24CA079D4}.AppStore|x86.ActiveCfg = AppStore|iPhone
		{FF1463C4-2959-4AAD-BEDD-D7C24CA079D4}.Debug|Any CPU.ActiveCfg = Debug|iPhoneSimulator
		{FF1463C4-2959-4AAD-BEDD-D7C24CA079D4}.Debug|ARM.ActiveCfg = Debug|iPhone
		{FF1463C4-2959-4AAD-BEDD-D7C24CA079D4}.Debug|iPhone.ActiveCfg = Debug|iPhone
		{FF1463C4-2959-4AAD-BEDD-D7C24CA079D4}.Debug|iPhone.Build.0 = Debug|iPhone
		{FF1463C4-2959-4AAD-BEDD-D7C24CA079D4}.Debug|iPhoneSimulator.ActiveCfg = Debug|iPhoneSimulator
		{FF1463C4-2959-4AAD-BEDD-D7C24CA079D4}.Debug|iPhoneSimulator.Build.0 = Debug|iPhoneSimulator
		{FF1463C4-2959-4AAD-BEDD-D7C24CA079D4}.Debug|x64.ActiveCfg = Debug|iPhone
		{FF1463C4-2959-4AAD-BEDD-D7C24CA079D4}.Debug|x86.ActiveCfg = Debug|iPhone
		{FF1463C4-2959-4AAD-BEDD-D7C24CA079D4}.Release|Any CPU.ActiveCfg = Release|iPhoneSimulator
		{FF1463C4-2959-4AAD-BEDD-D7C24CA079D4}.Release|ARM.ActiveCfg = Release|iPhone
		{FF1463C4-2959-4AAD-BEDD-D7C24CA079D4}.Release|iPhone.ActiveCfg = Release|iPhone
		{FF1463C4-2959-4AAD-BEDD-D7C24CA079D4}.Release|iPhone.Build.0 = Release|iPhone
		{FF1463C4-2959-4AAD-BEDD-D7C24CA079D4}.Release|iPhoneSimulator.ActiveCfg = Release|iPhoneSimulator
		{FF1463C4-2959-4AAD-BEDD-D7C24CA079D4}.Release|iPhoneSimulator.Build.0 = Release|iPhoneSimulator
		{FF1463C4-2959-4AAD-BEDD-D7C24CA079D4}.Release|x64.ActiveCfg = Release|iPhone
		{FF1463C4-2959-4AAD-BEDD-D7C24CA079D4}.Release|x86.ActiveCfg = Release|iPhone
		{1052ECF5-A054-4B77-B583-37BD80888342}.Ad-Hoc|Any CPU.ActiveCfg = Release|x86
		{1052ECF5-A054-4B77-B583-37BD80888342}.Ad-Hoc|Any CPU.Build.0 = Release|x86
		{1052ECF5-A054-4B77-B583-37BD80888342}.Ad-Hoc|Any CPU.Deploy.0 = Release|x86
		{1052ECF5-A054-4B77-B583-37BD80888342}.Ad-Hoc|ARM.ActiveCfg = Release|ARM
		{1052ECF5-A054-4B77-B583-37BD80888342}.Ad-Hoc|ARM.Build.0 = Release|ARM
		{1052ECF5-A054-4B77-B583-37BD80888342}.Ad-Hoc|ARM.Deploy.0 = Release|ARM
		{1052ECF5-A054-4B77-B583-37BD80888342}.Ad-Hoc|iPhone.ActiveCfg = Release|x86
		{1052ECF5-A054-4B77-B583-37BD80888342}.Ad-Hoc|iPhone.Build.0 = Release|x86
		{1052ECF5-A054-4B77-B583-37BD80888342}.Ad-Hoc|iPhone.Deploy.0 = Release|x86
		{1052ECF5-A054-4B77-B583-37BD80888342}.Ad-Hoc|iPhoneSimulator.ActiveCfg = Release|x86
		{1052ECF5-A054-4B77-B583-37BD80888342}.Ad-Hoc|iPhoneSimulator.Build.0 = Release|x86
		{1052ECF5-A054-4B77-B583-37BD80888342}.Ad-Hoc|iPhoneSimulator.Deploy.0 = Release|x86
		{1052ECF5-A054-4B77-B583-37BD80888342}.Ad-Hoc|x64.ActiveCfg = Release|x64
		{1052ECF5-A054-4B77-B583-37BD80888342}.Ad-Hoc|x64.Build.0 = Release|x64
		{1052ECF5-A054-4B77-B583-37BD80888342}.Ad-Hoc|x64.Deploy.0 = Release|x64
		{1052ECF5-A054-4B77-B583-37BD80888342}.Ad-Hoc|x86.ActiveCfg = Release|x86
		{1052ECF5-A054-4B77-B583-37BD80888342}.Ad-Hoc|x86.Build.0 = Release|x86
		{1052ECF5-A054-4B77-B583-37BD80888342}.Ad-Hoc|x86.Deploy.0 = Release|x86
		{1052ECF5-A054-4B77-B583-37BD80888342}.AppStore|Any CPU.ActiveCfg = Release|x86
		{1052ECF5-A054-4B77-B583-37BD80888342}.AppStore|Any CPU.Build.0 = Release|x86
		{1052ECF5-A054-4B77-B583-37BD80888342}.AppStore|Any CPU.Deploy.0 = Release|x86
		{1052ECF5-A054-4B77-B583-37BD80888342}.AppStore|ARM.ActiveCfg = Release|ARM
		{1052ECF5-A054-4B77-B583-37BD80888342}.AppStore|ARM.Build.0 = Release|ARM
		{1052ECF5-A054-4B77-B583-37BD80888342}.AppStore|ARM.Deploy.0 = Release|ARM
		{1052ECF5-A054-4B77-B583-37BD80888342}.AppStore|iPhone.ActiveCfg = Release|x86
		{1052ECF5-A054-4B77-B583-37BD80888342}.AppStore|iPhone.Build.0 = Release|x86
		{1052ECF5-A054-4B77-B583-37BD80888342}.AppStore|iPhone.Deploy.0 = Release|x86
		{1052ECF5-A054-4B77-B583-37BD80888342}.AppStore|iPhoneSimulator.ActiveCfg = Release|x86
		{1052ECF5-A054-4B77-B583-37BD80888342}.AppStore|iPhoneSimulator.Build.0 = Release|x86
		{1052ECF5-A054-4B77-B583-37BD80888342}.AppStore|iPhoneSimulator.Deploy.0 = Release|x86
		{1052ECF5-A054-4B77-B583-37BD80888342}.AppStore|x64.ActiveCfg = Release|x64
		{1052ECF5-A054-4B77-B583-37BD80888342}.AppStore|x64.Build.0 = Release|x64
		{1052ECF5-A054-4B77-B583-37BD80888342}.AppStore|x64.Deploy.0 = Release|x64
		{1052ECF5-A054-4B77-B583-37BD80888342}.AppStore|x86.ActiveCfg = Release|x86
		{1052ECF5-A054-4B77-B583-37BD80888342}.AppStore|x86.Build.0 = Release|x86
		{1052ECF5-A054-4B77-B583-37BD80888342}.AppStore|x86.Deploy.0 = Release|x86
		{1052ECF5-A054-4B77-B583-37BD80888342}.Debug|Any CPU.ActiveCfg = Debug|x86
		{1052ECF5-A054-4B77-B583-37BD80888342}.Debug|ARM.ActiveCfg = Debug|ARM
		{1052ECF5-A054-4B77-B583-37BD80888342}.Debug|ARM.Build.0 = Debug|ARM
		{1052ECF5-A054-4B77-B583-37BD80888342}.Debug|ARM.Deploy.0 = Debug|ARM
		{1052ECF5-A054-4B77-B583-37BD80888342}.Debug|iPhone.ActiveCfg = Debug|x86
		{1052ECF5-A054-4B77-B583-37BD80888342}.Debug|iPhoneSimulator.ActiveCfg = Debug|x86
		{1052ECF5-A054-4B77-B583-37BD80888342}.Debug|x64.ActiveCfg = Debug|x64
		{1052ECF5-A054-4B77-B583-37BD80888342}.Debug|x64.Build.0 = Debug|x64
		{1052ECF5-A054-4B77-B583-37BD80888342}.Debug|x64.Deploy.0 = Debug|x64
		{1052ECF5-A054-4B77-B583-37BD80888342}.Debug|x86.ActiveCfg = Debug|x86
		{1052ECF5-A054-4B77-B583-37BD80888342}.Debug|x86.Build.0 = Debug|x86
		{1052ECF5-A054-4B77-B583-37BD80888342}.Debug|x86.Deploy.0 = Debug|x86
		{1052ECF5-A054-4B77-B583-37BD80888342}.Release|Any CPU.ActiveCfg = Release|x86
		{1052ECF5-A054-4B77-B583-37BD80888342}.Release|ARM.ActiveCfg = Release|ARM
		{1052ECF5-A054-4B77-B583-37BD80888342}.Release|ARM.Build.0 = Release|ARM
		{1052ECF5-A054-4B77-B583-37BD80888342}.Release|ARM.Deploy.0 = Release|ARM
		{1052ECF5-A054-4B77-B583-37BD80888342}.Release|iPhone.ActiveCfg = Release|x86
		{1052ECF5-A054-4B77-B583-37BD80888342}.Release|iPhoneSimulator.ActiveCfg = Release|x86
		{1052ECF5-A054-4B77-B583-37BD80888342}.Release|x64.ActiveCfg = Release|x64
		{1052ECF5-A054-4B77-B583-37BD80888342}.Release|x64.Build.0 = Release|x64
		{1052ECF5-A054-4B77-B583-37BD80888342}.Release|x64.Deploy.0 = Release|x64
		{1052ECF5-A054-4B77-B583-37BD80888342}.Release|x86.ActiveCfg = Release|x86
		{1052ECF5-A054-4B77-B583-37BD80888342}.Release|x86.Build.0 = Release|x86
		{1052ECF5-A054-4B77-B583-37BD80888342}.Release|x86.Deploy.0 = Release|x86
	EndGlobalSection
	GlobalSection(SolutionProperties) = preSolution
		HideSolutionNode = FALSE
	EndGlobalSection
	GlobalSection(ExtensibilityGlobals) = postSolution
		SolutionGuid = {CDA12A01-F889-4746-BDAB-246024EBA9B9}
	EndGlobalSection
EndGlobal
